gitee.com/jdhxyy/crc16 v0.0.0-20210215073834-1d0486662c2a h1:rE6fYHDWQa3eRXPEBlAmRj8RI+xAO7U3tyBMsqjCNhQ=
gitee.com/jdhxyy/crc16 v0.0.0-20210215073834-1d0486662c2a/go.mod h1:3AHUcHrmUPonnm+Jj0uMkW0gJ5RfIrj0DfF8hV66Wnw=
gitee.com/jdhxyy/lagan v0.0.0-20210209114547-f385e5150f87 h1:PK/7HiXSs3h6BMcFllHKbIlNe9WqZMGYrVISpdvBPlE=
gitee.com/jdhxyy/lagan v0.0.0-20210209114547-f385e5150f87/go.mod h1:AedPVugeKcK53BWiMgvCtvo+iGoke/0LTrpai/5bfuY=
